
Microsoft Visual Studio Solution File, Format Version 12.00
Project("{FAE04EC0-301F-11D3-BF4B-00C04F79EFBC}") = "Robo", "Robo\Robo.csproj", "{D194EF7F-6EBE-4AAB-8595-F782A6173D2E}"
EndProject
Project("{FAE04EC0-301F-11D3-BF4B-00C04F79EFBC}") = "Robo.Domain", "Robo.Domain\Robo.Domain.csproj", "{A030A1F8-F586-4430-ADCE-DEF6B3095243}"
EndProject
Project("{FAE04EC0-301F-11D3-BF4B-00C04F79EFBC}") = "Robo.Tests", "Robo.Tests\Robo.Tests.csproj", "{09B393C8-BD05-4168-8DAA-CFF7D0509BAC}"
EndProject
Global
	GlobalSection(SolutionConfigurationPlatforms) = preSolution
		Debug|Any CPU = Debug|Any CPU
		Release|Any CPU = Release|Any CPU
	EndGlobalSection
	GlobalSection(ProjectConfigurationPlatforms) = postSolution
		{D194EF7F-6EBE-4AAB-8595-F782A6173D2E}.Debug|Any CPU.ActiveCfg = Debug|Any CPU
		{D194EF7F-6EBE-4AAB-8595-F782A6173D2E}.Debug|Any CPU.Build.0 = Debug|Any CPU
		{D194EF7F-6EBE-4AAB-8595-F782A6173D2E}.Release|Any CPU.ActiveCfg = Release|Any CPU
		{D194EF7F-6EBE-4AAB-8595-F782A6173D2E}.Release|Any CPU.Build.0 = Release|Any CPU
		{A030A1F8-F586-4430-ADCE-DEF6B3095243}.Debug|Any CPU.ActiveCfg = Debug|Any CPU
		{A030A1F8-F586-4430-ADCE-DEF6B3095243}.Debug|Any CPU.Build.0 = Debug|Any CPU
		{A030A1F8-F586-4430-ADCE-DEF6B3095243}.Release|Any CPU.ActiveCfg = Release|Any CPU
		{A030A1F8-F586-4430-ADCE-DEF6B3095243}.Release|Any CPU.Build.0 = Release|Any CPU
		{09B393C8-BD05-4168-8DAA-CFF7D0509BAC}.Debug|Any CPU.ActiveCfg = Debug|Any CPU
		{09B393C8-BD05-4168-8DAA-CFF7D0509BAC}.Debug|Any CPU.Build.0 = Debug|Any CPU
		{09B393C8-BD05-4168-8DAA-CFF7D0509BAC}.Release|Any CPU.ActiveCfg = Release|Any CPU
		{09B393C8-BD05-4168-8DAA-CFF7D0509BAC}.Release|Any CPU.Build.0 = Release|Any CPU
	EndGlobalSection
EndGlobal
